// !$*UTF8*$!
{
	archiveVersion = 1;
	classes = {
	};
	objectVersion = 50;
	objects = {

/* Begin PBXBuildFile section */
		BF9BB7FA20CBA694009B93FB /* Loader3D.swift in Sources */ = {isa = PBXBuildFile; fileRef = BFAA500520CBA4A20063D642 /* Loader3D.swift */; };
		BF9BB80420CBDDBC009B93FB /* Supporting Files in Resources */ = {isa = PBXBuildFile; fileRef = BF9BB80220CBDA4F009B93FB /* Supporting Files */; };
		BFAA4FE120CB9D460063D642 /* AppDelegate.swift in Sources */ = {isa = PBXBuildFile; fileRef = BFAA4FE020CB9D460063D642 /* AppDelegate.swift */; };
		BFAA4FE820CB9D470063D642 /* Assets.xcassets in Resources */ = {isa = PBXBuildFile; fileRef = BFAA4FE720CB9D470063D642 /* Assets.xcassets */; };
		BFAA4FEB20CB9D470063D642 /* LaunchScreen.storyboard in Resources */ = {isa = PBXBuildFile; fileRef = BFAA4FE920CB9D470063D642 /* LaunchScreen.storyboard */; };
		BFAA4FF720CB9DD80063D642 /* MainViewController.swift in Sources */ = {isa = PBXBuildFile; fileRef = BFAA4FF520CB9DD80063D642 /* MainViewController.swift */; };
		BFAA4FF820CB9DD80063D642 /* MainViewController.xib in Resources */ = {isa = PBXBuildFile; fileRef = BFAA4FF620CB9DD80063D642 /* MainViewController.xib */; };
		BFAA4FFD20CB9FAF0063D642 /* ObjectBuilder.swift in Sources */ = {isa = PBXBuildFile; fileRef = BFAA4FFC20CB9FAF0063D642 /* ObjectBuilder.swift */; };
/* End PBXBuildFile section */

/* Begin PBXFileReference section */
		BF9BB80220CBDA4F009B93FB /* Supporting Files */ = {isa = PBXFileReference; lastKnownFileType = folder; path = "Supporting Files"; sourceTree = "<group>"; };
		BFAA4FDD20CB9D460063D642 /* globViewer.app */ = {isa = PBXFileReference; explicitFileType = wrapper.application; includeInIndex = 0; path = globViewer.app; sourceTree = BUILT_PRODUCTS_DIR; };
		BFAA4FE020CB9D460063D642 /* AppDelegate.swift */ = {isa = PBXFileReference; lastKnownFileType = sourcecode.swift; path = AppDelegate.swift; sourceTree = "<group>"; };
		BFAA4FE720CB9D470063D642 /* Assets.xcassets */ = {isa = PBXFileReference; lastKnownFileType = folder.assetcatalog; path = Assets.xcassets; sourceTree = "<group>"; };
		BFAA4FEA20CB9D470063D642 /* Base */ = {isa = PBXFileReference; lastKnownFileType = file.storyboard; name = Base; path = Base.lproj/LaunchScreen.storyboard; sourceTree = "<group>"; };
		BFAA4FEC20CB9D470063D642 /* Info.plist */ = {isa = PBXFileReference; lastKnownFileType = text.plist.xml; path = Info.plist; sourceTree = "<group>"; };
		BFAA4FF520CB9DD80063D642 /* MainViewController.swift */ = {isa = PBXFileReference; lastKnownFileType = sourcecode.swift; path = MainViewController.swift; sourceTree = "<group>"; };
		BFAA4FF620CB9DD80063D642 /* MainViewController.xib */ = {isa = PBXFileReference; lastKnownFileType = file.xib; path = MainViewController.xib; sourceTree = "<group>"; };
		BFAA4FFC20CB9FAF0063D642 /* ObjectBuilder.swift */ = {isa = PBXFileReference; lastKnownFileType = sourcecode.swift; path = ObjectBuilder.swift; sourceTree = "<group>"; };
		BFAA500520CBA4A20063D642 /* Loader3D.swift */ = {isa = PBXFileReference; lastKnownFileType = sourcecode.swift; name = Loader3D.swift; path = ../glob/Output/Loader3D.swift; sourceTree = "<group>"; };
/* End PBXFileReference section */

/* Begin PBXFrameworksBuildPhase section */
		BFAA4FDA20CB9D460063D642 /* Frameworks */ = {
			isa = PBXFrameworksBuildPhase;
			buildActionMask = 2147483647;
			files = (
			);
			runOnlyForDeploymentPostprocessing = 0;
		};
/* End PBXFrameworksBuildPhase section */

/* Begin PBXGroup section */
		BFAA4FD420CB9D460063D642 = {
			isa = PBXGroup;
			children = (
				BFAA4FDF20CB9D460063D642 /* globViewer */,
				BFAA4FDE20CB9D460063D642 /* Products */,
			);
			sourceTree = "<group>";
		};
		BFAA4FDE20CB9D460063D642 /* Products */ = {
			isa = PBXGroup;
			children = (
				BFAA4FDD20CB9D460063D642 /* globViewer.app */,
			);
			name = Products;
			sourceTree = "<group>";
		};
		BFAA4FDF20CB9D460063D642 /* globViewer */ = {
			isa = PBXGroup;
			children = (
				BFAA500720CBA4E90063D642 /* Common */,
				BFAA4FFB20CB9F900063D642 /* Components */,
				BFAA4FF220CB9DA40063D642 /* Main */,
				BFAA4FE020CB9D460063D642 /* AppDelegate.swift */,
				BFAA4FE920CB9D470063D642 /* LaunchScreen.storyboard */,
				BFAA4FEC20CB9D470063D642 /* Info.plist */,
				BFAA4FE720CB9D470063D642 /* Assets.xcassets */,
				BF9BB80220CBDA4F009B93FB /* Supporting Files */,
			);
			path = globViewer;
			sourceTree = "<group>";
		};
		BFAA4FF220CB9DA40063D642 /* Main */ = {
			isa = PBXGroup;
			children = (
				BFAA4FF520CB9DD80063D642 /* MainViewController.swift */,
				BFAA4FF620CB9DD80063D642 /* MainViewController.xib */,
			);
			path = Main;
			sourceTree = "<group>";
		};
		BFAA4FFB20CB9F900063D642 /* Components */ = {
			isa = PBXGroup;
			children = (
				BFAA4FFC20CB9FAF0063D642 /* ObjectBuilder.swift */,
			);
			path = Components;
			sourceTree = "<group>";
		};
		BFAA500720CBA4E90063D642 /* Common */ = {
			isa = PBXGroup;
			children = (
				BFAA500520CBA4A20063D642 /* Loader3D.swift */,
			);
			path = Common;
			sourceTree = "<group>";
		};
/* End PBXGroup section */

/* Begin PBXNativeTarget section */
		BFAA4FDC20CB9D460063D642 /* globViewer */ = {
			isa = PBXNativeTarget;
			buildConfigurationList = BFAA4FEF20CB9D470063D642 /* Build configuration list for PBXNativeTarget "globViewer" */;
			buildPhases = (
				BFAA4FD920CB9D460063D642 /* Sources */,
				BFAA4FDA20CB9D460063D642 /* Frameworks */,
				BFAA4FDB20CB9D460063D642 /* Resources */,
			);
			buildRules = (
			);
			dependencies = (
			);
			name = globViewer;
			productName = globViewer;
			productReference = BFAA4FDD20CB9D460063D642 /* globViewer.app */;
			productType = "com.apple.product-type.application";
		};
/* End PBXNativeTarget section */

/* Begin PBXProject section */
		BFAA4FD520CB9D460063D642 /* Project object */ = {
			isa = PBXProject;
			attributes = {
				LastSwiftUpdateCheck = 0940;
				LastUpgradeCheck = 0940;
				ORGANIZATIONNAME = "Louis Foster";
				TargetAttributes = {
					BFAA4FDC20CB9D460063D642 = {
						CreatedOnToolsVersion = 9.4;
					};
				};
			};
			buildConfigurationList = BFAA4FD820CB9D460063D642 /* Build configuration list for PBXProject "globViewer" */;
			compatibilityVersion = "Xcode 9.3";
			developmentRegion = en;
			hasScannedForEncodings = 0;
			knownRegions = (
				en,
				Base,
			);
			mainGroup = BFAA4FD420CB9D460063D642;
			productRefGroup = BFAA4FDE20CB9D460063D642 /* Products */;
			projectDirPath = "";
			projectRoot = "";
			targets = (
				BFAA4FDC20CB9D460063D642 /* globViewer */,
			);
		};
/* End PBXProject section */

/* Begin PBXResourcesBuildPhase section */
		BFAA4FDB20CB9D460063D642 /* Resources */ = {
			isa = PBXResourcesBuildPhase;
			buildActionMask = 2147483647;
			files = (
				BFAA4FEB20CB9D470063D642 /* LaunchScreen.storyboard in Resources */,
				BFAA4FF820CB9DD80063D642 /* MainViewController.xib in Resources */,
				BF9BB80420CBDDBC009B93FB /* Supporting Files in Resources */,
				BFAA4FE820CB9D470063D642 /* Assets.xcassets in Resources */,
			);
			runOnlyForDeploymentPostprocessing = 0;
		};
/* End PBXResourcesBuildPhase section */

/* Begin PBXSourcesBuildPhase section */
		BFAA4FD920CB9D460063D642 /* Sources */ = {
			isa = PBXSourcesBuildPhase;
			buildActionMask = 2147483647;
			files = (
				BFAA4FE120CB9D460063D642 /* AppDelegate.swift in Sources */,
				BFAA4FF720CB9DD80063D642 /* MainViewController.swift in Sources */,
				BFAA4FFD20CB9FAF0063D642 /* ObjectBuilder.swift in Sources */,
				BF9BB7FA20CBA694009B93FB /* Loader3D.swift in Sources */,
			);
			runOnlyForDeploymentPostprocessing = 0;
		};
/* End PBXSourcesBuildPhase section */

/* Begin PBXVariantGroup section */
		BFAA4FE920CB9D470063D642 /* LaunchScreen.storyboard */ = {
			isa = PBXVariantGroup;
			children = (
				BFAA4FEA20CB9D470063D642 /* Base */,
			);
			name = LaunchScreen.storyboard;
			sourceTree = "<group>";
		};
/* End PBXVariantGroup section */

/* Begin XCBuildConfiguration section */
		BFAA4FED20CB9D470063D642 /* Debug */ = {
			isa = XCBuildConfiguration;
			buildSettings = {
				ALWAYS_SEARCH_USER_PATHS = NO;
				CLANG_ANALYZER_NONNULL = YES;
				CLANG_ANALYZER_NUMBER_OBJECT_CONVERSION = YES_AGGRESSIVE;
				CLANG_CXX_LANGUAGE_STANDARD = "gnu++14";
				CLANG_CXX_LIBRARY = "libc++";
				CLANG_ENABLE_MODULES = YES;
				CLANG_ENABLE_OBJC_ARC = YES;
				CLANG_ENABLE_OBJC_WEAK = YES;
				CLANG_WARN_BLOCK_CAPTURE_AUTORELEASING = YES;
				CLANG_WARN_BOOL_CONVERSION = YES;
				CLANG_WARN_COMMA = YES;
				CLANG_WARN_CONSTANT_CONVERSION = YES;
				CLANG_WARN_DEPRECATED_OBJC_IMPLEMENTATIONS = YES;
				CLANG_WARN_DIRECT_OBJC_ISA_USAGE = YES_ERROR;
				CLANG_WARN_DOCUMENTATION_COMMENTS = YES;
				CLANG_WARN_EMPTY_BODY = YES;
				CLANG_WARN_ENUM_CONVERSION = YES;
				CLANG_WARN_INFINITE_RECURSION = YES;
				CLANG_WARN_INT_CONVERSION = YES;
				CLANG_WARN_NON_LITERAL_NULL_CONVERSION = YES;
				CLANG_WARN_OBJC_IMPLICIT_RETAIN_SELF = YES;
				CLANG_WARN_OBJC_LITERAL_CONVERSION = YES;
				CLANG_WARN_OBJC_ROOT_CLASS = YES_ERROR;
				CLANG_WARN_RANGE_LOOP_ANALYSIS = YES;
				CLANG_WARN_STRICT_PROTOTYPES = YES;
				CLANG_WARN_SUSPICIOUS_MOVE = YES;
				CLANG_WARN_UNGUARDED_AVAILABILITY = YES_AGGRESSIVE;
				CLANG_WARN_UNREACHABLE_CODE = YES;
				CLANG_WARN__DUPLICATE_METHOD_MATCH = YES;
				CODE_SIGN_IDENTITY = "iPhone Developer";
				COPY_PHASE_STRIP = NO;
				DEBUG_INFORMATION_FORMAT = dwarf;
				ENABLE_STRICT_OBJC_MSGSEND = YES;
				ENABLE_TESTABILITY = YES;
				GCC_C_LANGUAGE_STANDARD = gnu11;
				GCC_DYNAMIC_NO_PIC = NO;
				GCC_NO_COMMON_BLOCKS = YES;
				GCC_OPTIMIZATION_LEVEL = 0;
				GCC_PREPROCESSOR_DEFINITIONS = (
					"DEBUG=1",
					"$(inherited)",
				);
				GCC_WARN_64_TO_32_BIT_CONVERSION = YES;
				GCC_WARN_ABOUT_RETURN_TYPE = YES_ERROR;
				GCC_WARN_UNDECLARED_SELECTOR = YES;
				GCC_WARN_UNINITIALIZED_AUTOS = YES_AGGRESSIVE;
				GCC_WARN_UNUSED_FUNCTION = YES;
				GCC_WARN_UNUSED_VARIABLE = YES;
				IPHONEOS_DEPLOYMENT_TARGET = 11.4;
				MTL_ENABLE_DEBUG_INFO = YES;
				ONLY_ACTIVE_ARCH = YES;
				SDKROOT = iphoneos;
				SWIFT_ACTIVE_COMPILATION_CONDITIONS = DEBUG;
				SWIFT_OPTIMIZATION_LEVEL = "-Onone";
			};
			name = Debug;
		};
		BFAA4FEE20CB9D470063D642 /* Release */ = {
			isa = XCBuildConfiguration;
			buildSettings = {
				ALWAYS_SEARCH_USER_PATHS = NO;
				CLANG_ANALYZER_NONNULL = YES;
				CLANG_ANALYZER_NUMBER_OBJECT_CONVERSION = YES_AGGRESSIVE;
				CLANG_CXX_LANGUAGE_STANDARD = "gnu++14";
				CLANG_CXX_LIBRARY = "libc++";
				CLANG_ENABLE_MODULES = YES;
				CLANG_ENABLE_OBJC_ARC = YES;
				CLANG_ENABLE_OBJC_WEAK = YES;
				CLANG_WARN_BLOCK_CAPTURE_AUTORELEASING = YES;
				CLANG_WARN_BOOL_CONVERSION = YES;
				CLANG_WARN_COMMA = YES;
				CLANG_WARN_CONSTANT_CONVERSION = YES;
				CLANG_WARN_DEPRECATED_OBJC_IMPLEMENTATIONS = YES;
				CLANG_WARN_DIRECT_OBJC_ISA_USAGE = YES_ERROR;
				CLANG_WARN_DOCUMENTATION_COMMENTS = YES;
				CLANG_WARN_EMPTY_BODY = YES;
				CLANG_WARN_ENUM_CONVERSION = YES;
				CLANG_WARN_INFINITE_RECURSION = YES;
				CLANG_WARN_INT_CONVERSION = YES;
				CLANG_WARN_NON_LITERAL_NULL_CONVERSION = YES;
				CLANG_WARN_OBJC_IMPLICIT_RETAIN_SELF = YES;
				CLANG_WARN_OBJC_LITERAL_CONVERSION = YES;
				CLANG_WARN_OBJC_ROOT_CLASS = YES_ERROR;
				CLANG_WARN_RANGE_LOOP_ANALYSIS = YES;
				CLANG_WARN_STRICT_PROTOTYPES = YES;
				CLANG_WARN_SUSPICIOUS_MOVE = YES;
				CLANG_WARN_UNGUARDED_AVAILABILITY = YES_AGGRESSIVE;
				CLANG_WARN_UNREACHABLE_CODE = YES;
				CLANG_WARN__DUPLICATE_METHOD_MATCH = YES;
				CODE_SIGN_IDENTITY = "iPhone Developer";
				COPY_PHASE_STRIP = NO;
				DEBUG_INFORMATION_FORMAT = "dwarf-with-dsym";
				ENABLE_NS_ASSERTIONS = NO;
				ENABLE_STRICT_OBJC_MSGSEND = YES;
				GCC_C_LANGUAGE_STANDARD = gnu11;
				GCC_NO_COMMON_BLOCKS = YES;
				GCC_WARN_64_TO_32_BIT_CONVERSION = YES;
				GCC_WARN_ABOUT_RETURN_TYPE = YES_ERROR;
				GCC_WARN_UNDECLARED_SELECTOR = YES;
				GCC_WARN_UNINITIALIZED_AUTOS = YES_AGGRESSIVE;
				GCC_WARN_UNUSED_FUNCTION = YES;
				GCC_WARN_UNUSED_VARIABLE = YES;
				IPHONEOS_DEPLOYMENT_TARGET = 11.4;
				MTL_ENABLE_DEBUG_INFO = NO;
				SDKROOT = iphoneos;
				SWIFT_COMPILATION_MODE = wholemodule;
				SWIFT_OPTIMIZATION_LEVEL = "-O";
				VALIDATE_PRODUCT = YES;
			};
			name = Release;
		};
		BFAA4FF020CB9D470063D642 /* Debug */ = {
			isa = XCBuildConfiguration;
			buildSettings = {
				ASSETCATALOG_COMPILER_APPICON_NAME = AppIcon;
				CODE_SIGN_STYLE = Automatic;
				DEVELOPMENT_TEAM = 5DY2MSCET8;
				INFOPLIST_FILE = globViewer/Info.plist;
				LD_RUNPATH_SEARCH_PATHS = (
					"$(inherited)",
					"@executable_path/Frameworks",
				);
				PRODUCT_BUNDLE_IDENTIFIER = com.louisfoster.globViewer;
				PRODUCT_NAME = "$(TARGET_NAME)";
				SWIFT_VERSION = 4.0;
				TARGETED_DEVICE_FAMILY = "1,2";
			};
			name = Debug;
		};
		BFAA4FF120CB9D470063D642 /* Release */ = {
			isa = XCBuildConfiguration;
			buildSettings = {
				ASSETCATALOG_COMPILER_APPICON_NAME = AppIcon;
				CODE_SIGN_STYLE = Automatic;
				DEVELOPMENT_TEAM = 5DY2MSCET8;
				INFOPLIST_FILE = globViewer/Info.plist;
				LD_RUNPATH_SEARCH_PATHS = (
					"$(inherited)",
					"@executable_path/Frameworks",
				);
				PRODUCT_BUNDLE_IDENTIFIER = com.louisfoster.globViewer;
				PRODUCT_NAME = "$(TARGET_NAME)";
				SWIFT_VERSION = 4.0;
				TARGETED_DEVICE_FAMILY = "1,2";
			};
			name = Release;
		};
/* End XCBuildConfiguration section */

/* Begin XCConfigurationList section */
		BFAA4FD820CB9D460063D642 /* Build configuration list for PBXProject "globViewer" */ = {
			isa = XCConfigurationList;
			buildConfigurations = (
				BFAA4FED20CB9D470063D642 /* Debug */,
				BFAA4FEE20CB9D470063D642 /* Release */,
			);
			defaultConfigurationIsVisible = 0;
			defaultConfigurationName = Release;
		};
		BFAA4FEF20CB9D470063D642 /* Build configuration list for PBXNativeTarget "globViewer" */ = {
			isa = XCConfigurationList;
			buildConfigurations = (
				BFAA4FF020CB9D470063D642 /* Debug */,
				BFAA4FF120CB9D470063D642 /* Release */,
			);
			defaultConfigurationIsVisible = 0;
			defaultConfigurationName = Release;
		};
/* End XCConfigurationList section */
	};
	rootObject = BFAA4FD520CB9D460063D642 /* Project object */;
}
